
Microsoft Visual Studio Solution File, Format Version 12.00
# Visual Studio Version 17
VisualStudioVersion = 17.6.33712.159
MinimumVisualStudioVersion = 10.0.40219.1
Project("{FAE04EC0-301F-11D3-BF4B-00C04F79EFBC}") = "PM2E10069.Android", "PM2E10069.Android\PM2E10069.Android.csproj", "{6CCB9190-BC81-43F9-BC9F-0AA8E5389A32}"
EndProject
Project("{9A19103F-16F7-4668-BE54-9A1E7A4F7556}") = "PM2E10069", "PM2E10069\PM2E10069.csproj", "{A43B2794-6A13-455A-8BEC-9D1C25E018A4}"
EndProject
Global
	GlobalSection(SolutionConfigurationPlatforms) = preSolution
		Debug|Any CPU = Debug|Any CPU
		Release|Any CPU = Release|Any CPU
	EndGlobalSection
	GlobalSection(ProjectConfigurationPlatforms) = postSolution
		{6CCB9190-BC81-43F9-BC9F-0AA8E5389A32}.Debug|Any CPU.ActiveCfg = Debug|Any CPU
		{6CCB9190-BC81-43F9-BC9F-0AA8E5389A32}.Debug|Any CPU.Build.0 = Debug|Any CPU
		{6CCB9190-BC81-43F9-BC9F-0AA8E5389A32}.Debug|Any CPU.Deploy.0 = Debug|Any CPU
		{6CCB9190-BC81-43F9-BC9F-0AA8E5389A32}.Release|Any CPU.ActiveCfg = Release|Any CPU
		{6CCB9190-BC81-43F9-BC9F-0AA8E5389A32}.Release|Any CPU.Build.0 = Release|Any CPU
		{6CCB9190-BC81-43F9-BC9F-0AA8E5389A32}.Release|Any CPU.Deploy.0 = Release|Any CPU
		{A43B2794-6A13-455A-8BEC-9D1C25E018A4}.Debug|Any CPU.ActiveCfg = Debug|Any CPU
		{A43B2794-6A13-455A-8BEC-9D1C25E018A4}.Debug|Any CPU.Build.0 = Debug|Any CPU
		{A43B2794-6A13-455A-8BEC-9D1C25E018A4}.Debug|Any CPU.Deploy.0 = Debug|Any CPU
		{A43B2794-6A13-455A-8BEC-9D1C25E018A4}.Release|Any CPU.ActiveCfg = Release|Any CPU
		{A43B2794-6A13-455A-8BEC-9D1C25E018A4}.Release|Any CPU.Build.0 = Release|Any CPU
		{A43B2794-6A13-455A-8BEC-9D1C25E018A4}.Release|Any CPU.Deploy.0 = Release|Any CPU
	EndGlobalSection
	GlobalSection(SolutionProperties) = preSolution
		HideSolutionNode = FALSE
	EndGlobalSection
	GlobalSection(ExtensibilityGlobals) = postSolution
		SolutionGuid = {8E59064F-0AE9-432B-A708-4EA94DB316FA}
	EndGlobalSection
EndGlobal
